
Microsoft Visual Studio Solution File, Format Version 12.00
Project("{FAE04EC0-301F-11D3-BF4B-00C04F79EFBC}") = "Decisions", "Decisions\Decisions.csproj", "{A9064815-1949-4133-B34A-0706838E2585}"
EndProject
Global
	GlobalSection(SolutionConfigurationPlatforms) = preSolution
		Debug|Any CPU = Debug|Any CPU
		Release|Any CPU = Release|Any CPU
	EndGlobalSection
	GlobalSection(ProjectConfigurationPlatforms) = postSolution
		{A9064815-1949-4133-B34A-0706838E2585}.Debug|Any CPU.ActiveCfg = Debug|Any CPU
		{A9064815-1949-4133-B34A-0706838E2585}.Debug|Any CPU.Build.0 = Debug|Any CPU
		{A9064815-1949-4133-B34A-0706838E2585}.Release|Any CPU.ActiveCfg = Release|Any CPU
		{A9064815-1949-4133-B34A-0706838E2585}.Release|Any CPU.Build.0 = Release|Any CPU
	EndGlobalSection
EndGlobal
